
Microsoft Visual Studio Solution File, Format Version 12.00
# Visual Studio Version 16
VisualStudioVersion = 16.0.30503.244
MinimumVisualStudioVersion = 10.0.40219.1
Project("{9A19103F-16F7-4668-BE54-9A1E7A4F7556}") = "Try", "Try\Try.csproj", "{C66D2556-27D1-498B-9C7C-358A74FBDD73}"
EndProject
Global
	GlobalSection(SolutionConfigurationPlatforms) = preSolution
		Debug|Any CPU = Debug|Any CPU
		Release|Any CPU = Release|Any CPU
	EndGlobalSection
	GlobalSection(ProjectConfigurationPlatforms) = postSolution
		{C66D2556-27D1-498B-9C7C-358A74FBDD73}.Debug|Any CPU.ActiveCfg = Debug|Any CPU
		{C66D2556-27D1-498B-9C7C-358A74FBDD73}.Debug|Any CPU.Build.0 = Debug|Any CPU
		{C66D2556-27D1-498B-9C7C-358A74FBDD73}.Release|Any CPU.ActiveCfg = Release|Any CPU
		{C66D2556-27D1-498B-9C7C-358A74FBDD73}.Release|Any CPU.Build.0 = Release|Any CPU
	EndGlobalSection
	GlobalSection(SolutionProperties) = preSolution
		HideSolutionNode = FALSE
	EndGlobalSection
	GlobalSection(ExtensibilityGlobals) = postSolution
		SolutionGuid = {E5C35D35-732F-4D88-B90A-3A10B012294D}
	EndGlobalSection
EndGlobal
